{
  "requires": true,
  "lockfileVersion": 1,
  "dependencies": {
    "xeicon": {
      "version": "2.3.3",
      "resolved": "https://registry.npmjs.org/xeicon/-/xeicon-2.3.3.tgz",
      "integrity": "sha512-mCIcl32K4DF/mGKm+NX39fzGVAyUzxIc6vqb9DnG/iViaRgS15+tvSwKdiK82A3nVzv8rSajeI0lC/R6LyTi2w=="
    }
  }
}
